{
  "version": 4,
  "terraform_version": "1.0.8",
  "serial": 1,
  "lineage": "fdaa2d82-110c-8e93-5952-ab2f89b1fb1f",
  "outputs": {
    "instance-public-ip": {
      "value": "module.aws-server.public_ip",
      "type": "string"
    }
  },
  "resources": [
    {
      "module": "module.aws-server",
      "mode": "managed",
      "type": "aws_instance",
      "name": "webserver1",
      "provider": "module.aws-server.provider[\"registry.terraform.io/hashicorp/aws\"]",
      "instances": [
        {
          "schema_version": 1,
          "attributes": {
            "ami": "ami-0fed77069cd5a6d6c",
            "arn": "arn:aws:ec2:ap-southeast-1:214351327597:instance/i-04db22b0ab9194590",
            "associate_public_ip_address": true,
            "availability_zone": "ap-southeast-1a",
            "capacity_reservation_specification": [
              {
                "capacity_reservation_preference": "open",
                "capacity_reservation_target": []
              }
            ],
            "cpu_core_count": 1,
            "cpu_threads_per_core": 1,
            "credit_specification": [
              {
                "cpu_credits": "standard"
              }
            ],
            "disable_api_termination": false,
            "ebs_block_device": [],
            "ebs_optimized": false,
            "enclave_options": [
              {
                "enabled": false
              }
            ],
            "ephemeral_block_device": [],
            "get_password_data": false,
            "hibernation": false,
            "host_id": null,
            "iam_instance_profile": "",
            "id": "i-04db22b0ab9194590",
            "instance_initiated_shutdown_behavior": "stop",
            "instance_state": "running",
            "instance_type": "t2.micro",
            "ipv6_address_count": 0,
            "ipv6_addresses": [],
            "key_name": "singapore",
            "launch_template": [],
            "metadata_options": [
              {
                "http_endpoint": "enabled",
                "http_put_response_hop_limit": 1,
                "http_tokens": "optional"
              }
            ],
            "monitoring": false,
            "network_interface": [],
            "outpost_arn": "",
            "password_data": "",
            "placement_group": "",
            "placement_partition_number": null,
            "primary_network_interface_id": "eni-0c4e4d9877fef5475",
            "private_dns": "ip-172-31-20-111.ap-southeast-1.compute.internal",
            "private_ip": "172.31.20.111",
            "public_dns": "ec2-13-229-130-41.ap-southeast-1.compute.amazonaws.com",
            "public_ip": "13.229.130.41",
            "root_block_device": [
              {
                "delete_on_termination": true,
                "device_name": "/dev/sda1",
                "encrypted": false,
                "iops": 100,
                "kms_key_id": "",
                "tags": {},
                "throughput": 0,
                "volume_id": "vol-0059b34b28a7de999",
                "volume_size": 8,
                "volume_type": "gp2"
              }
            ],
            "secondary_private_ips": [],
            "security_groups": [
              "default"
            ],
            "source_dest_check": true,
            "subnet_id": "subnet-9311aef5",
            "tags": {
              "Name": "myserver1-DIS"
            },
            "tags_all": {
              "Name": "myserver1-DIS"
            },
            "tenancy": "default",
            "timeouts": null,
            "user_data": null,
            "user_data_base64": null,
            "volume_tags": null,
            "vpc_security_group_ids": [
              "sg-18a06957"
            ]
          },
          "sensitive_attributes": [
            [
              {
                "type": "get_attr",
                "value": "instance_type"
              }
            ]
          ],
          "private": "eyJlMmJmYjczMC1lY2FhLTExZTYtOGY4OC0zNDM2M2JjN2M0YzAiOnsiY3JlYXRlIjo2MDAwMDAwMDAwMDAsImRlbGV0ZSI6MTIwMDAwMDAwMDAwMCwidXBkYXRlIjo2MDAwMDAwMDAwMDB9LCJzY2hlbWFfdmVyc2lvbiI6IjEifQ=="
        }
      ]
    }
  ]
}
