{
  "version": 4,
  "terraform_version": "1.0.8",
  "serial": 32,
  "lineage": "478baec3-ed82-9cea-6b00-43e94084df21",
  "outputs": {
    "linux_vm_public_name": {
      "value": [
        "winsimplevmips.eastus.cloudapp.azure.com"
      ],
      "type": [
        "tuple",
        [
          "string"
        ]
      ]
    }
  },
  "resources": [
    {
      "mode": "managed",
      "type": "azurerm_resource_group",
      "name": "terraform_resource_group",
      "provider": "provider[\"registry.terraform.io/hashicorp/azurerm\"]",
      "instances": [
        {
          "schema_version": 0,
          "attributes": {
            "id": "/subscriptions/95522d68-faf1-427b-9c38-acd86e6122e7/resourceGroups/terraform_resource_group",
            "location": "eastus",
            "name": "terraform_resource_group",
            "tags": {},
            "timeouts": null
          },
          "sensitive_attributes": [],
          "private": "eyJlMmJmYjczMC1lY2FhLTExZTYtOGY4OC0zNDM2M2JjN2M0YzAiOnsiY3JlYXRlIjo1NDAwMDAwMDAwMDAwLCJkZWxldGUiOjU0MDAwMDAwMDAwMDAsInJlYWQiOjMwMDAwMDAwMDAwMCwidXBkYXRlIjo1NDAwMDAwMDAwMDAwfX0="
        }
      ]
    },
    {
      "module": "module.network",
      "mode": "data",
      "type": "azurerm_resource_group",
      "name": "network",
      "provider": "provider[\"registry.terraform.io/hashicorp/azurerm\"]",
      "instances": [
        {
          "schema_version": 0,
          "attributes": {
            "id": "/subscriptions/95522d68-faf1-427b-9c38-acd86e6122e7/resourceGroups/terraform_resource_group",
            "location": "eastus",
            "name": "terraform_resource_group",
            "tags": {},
            "timeouts": null
          },
          "sensitive_attributes": []
        }
      ]
    },
    {
      "module": "module.network",
      "mode": "managed",
      "type": "azurerm_subnet",
      "name": "subnet",
      "provider": "provider[\"registry.terraform.io/hashicorp/azurerm\"]",
      "instances": [
        {
          "index_key": 0,
          "schema_version": 0,
          "attributes": {
            "address_prefix": "10.0.111.0/24",
            "address_prefixes": [
              "10.0.111.0/24"
            ],
            "delegation": [],
            "enforce_private_link_endpoint_network_policies": false,
            "enforce_private_link_service_network_policies": false,
            "id": "/subscriptions/95522d68-faf1-427b-9c38-acd86e6122e7/resourceGroups/terraform_resource_group/providers/Microsoft.Network/virtualNetworks/acctvnet/subnets/subnet1",
            "name": "subnet1",
            "resource_group_name": "terraform_resource_group",
            "service_endpoint_policy_ids": [],
            "service_endpoints": [],
            "timeouts": null,
            "virtual_network_name": "acctvnet"
          },
          "sensitive_attributes": [],
          "private": "eyJlMmJmYjczMC1lY2FhLTExZTYtOGY4OC0zNDM2M2JjN2M0YzAiOnsiY3JlYXRlIjoxODAwMDAwMDAwMDAwLCJkZWxldGUiOjE4MDAwMDAwMDAwMDAsInJlYWQiOjMwMDAwMDAwMDAwMCwidXBkYXRlIjoxODAwMDAwMDAwMDAwfX0=",
          "dependencies": [
            "azurerm_resource_group.terraform_resource_group",
            "module.network.azurerm_virtual_network.vnet",
            "module.network.data.azurerm_resource_group.network"
          ]
        }
      ]
    },
    {
      "module": "module.network",
      "mode": "managed",
      "type": "azurerm_virtual_network",
      "name": "vnet",
      "provider": "provider[\"registry.terraform.io/hashicorp/azurerm\"]",
      "instances": [
        {
          "schema_version": 0,
          "attributes": {
            "address_space": [
              "10.0.0.0/16"
            ],
            "bgp_community": "",
            "ddos_protection_plan": [],
            "dns_servers": [],
            "flow_timeout_in_minutes": 0,
            "guid": "789fb0fe-05ce-45a6-91e6-4decf6c36b44",
            "id": "/subscriptions/95522d68-faf1-427b-9c38-acd86e6122e7/resourceGroups/terraform_resource_group/providers/Microsoft.Network/virtualNetworks/acctvnet",
            "location": "eastus",
            "name": "acctvnet",
            "resource_group_name": "terraform_resource_group",
            "subnet": [
              {
                "address_prefix": "10.0.111.0/24",
                "id": "/subscriptions/95522d68-faf1-427b-9c38-acd86e6122e7/resourceGroups/terraform_resource_group/providers/Microsoft.Network/virtualNetworks/acctvnet/subnets/subnet1",
                "name": "subnet1",
                "security_group": ""
              }
            ],
            "tags": {
              "environment": "dev"
            },
            "timeouts": null,
            "vm_protection_enabled": false
          },
          "sensitive_attributes": [],
          "private": "eyJlMmJmYjczMC1lY2FhLTExZTYtOGY4OC0zNDM2M2JjN2M0YzAiOnsiY3JlYXRlIjoxODAwMDAwMDAwMDAwLCJkZWxldGUiOjE4MDAwMDAwMDAwMDAsInJlYWQiOjMwMDAwMDAwMDAwMCwidXBkYXRlIjoxODAwMDAwMDAwMDAwfX0=",
          "dependencies": [
            "azurerm_resource_group.terraform_resource_group",
            "module.network.data.azurerm_resource_group.network"
          ]
        }
      ]
    },
    {
      "module": "module.windowsservers",
      "mode": "data",
      "type": "azurerm_public_ip",
      "name": "vm",
      "provider": "provider[\"registry.terraform.io/hashicorp/azurerm\"]",
      "instances": [
        {
          "index_key": 0,
          "schema_version": 0,
          "attributes": {
            "allocation_method": "Dynamic",
            "domain_name_label": "winsimplevmips",
            "fqdn": "winsimplevmips.eastus.cloudapp.azure.com",
            "id": "/subscriptions/95522d68-faf1-427b-9c38-acd86e6122e7/resourceGroups/terraform_resource_group/providers/Microsoft.Network/publicIPAddresses/mywinvm-pip-0",
            "idle_timeout_in_minutes": 4,
            "ip_address": "20.124.232.231",
            "ip_tags": {},
            "ip_version": "IPv4",
            "location": "eastus",
            "name": "mywinvm-pip-0",
            "resource_group_name": "terraform_resource_group",
            "reverse_fqdn": "",
            "sku": "Basic",
            "tags": {
              "source": "terraform"
            },
            "timeouts": null,
            "zones": []
          },
          "sensitive_attributes": []
        }
      ]
    },
    {
      "module": "module.windowsservers",
      "mode": "data",
      "type": "azurerm_resource_group",
      "name": "vm",
      "provider": "provider[\"registry.terraform.io/hashicorp/azurerm\"]",
      "instances": [
        {
          "schema_version": 0,
          "attributes": {
            "id": "/subscriptions/95522d68-faf1-427b-9c38-acd86e6122e7/resourceGroups/terraform_resource_group",
            "location": "eastus",
            "name": "terraform_resource_group",
            "tags": {},
            "timeouts": null
          },
          "sensitive_attributes": []
        }
      ]
    },
    {
      "module": "module.windowsservers",
      "mode": "managed",
      "type": "azurerm_availability_set",
      "name": "vm",
      "provider": "provider[\"registry.terraform.io/hashicorp/azurerm\"]",
      "instances": [
        {
          "schema_version": 0,
          "attributes": {
            "id": "/subscriptions/95522d68-faf1-427b-9c38-acd86e6122e7/resourceGroups/terraform_resource_group/providers/Microsoft.Compute/availabilitySets/mywinvm-avset",
            "location": "eastus",
            "managed": true,
            "name": "mywinvm-avset",
            "platform_fault_domain_count": 2,
            "platform_update_domain_count": 2,
            "proximity_placement_group_id": null,
            "resource_group_name": "terraform_resource_group",
            "tags": {
              "source": "terraform"
            },
            "timeouts": null
          },
          "sensitive_attributes": [],
          "private": "eyJlMmJmYjczMC1lY2FhLTExZTYtOGY4OC0zNDM2M2JjN2M0YzAiOnsiY3JlYXRlIjoxODAwMDAwMDAwMDAwLCJkZWxldGUiOjE4MDAwMDAwMDAwMDAsInJlYWQiOjMwMDAwMDAwMDAwMCwidXBkYXRlIjoxODAwMDAwMDAwMDAwfX0=",
          "dependencies": [
            "azurerm_resource_group.terraform_resource_group",
            "module.windowsservers.data.azurerm_resource_group.vm"
          ]
        }
      ]
    },
    {
      "module": "module.windowsservers",
      "mode": "managed",
      "type": "azurerm_network_interface",
      "name": "vm",
      "provider": "provider[\"registry.terraform.io/hashicorp/azurerm\"]",
      "instances": [
        {
          "index_key": 0,
          "schema_version": 0,
          "attributes": {
            "applied_dns_servers": [],
            "dns_servers": [],
            "enable_accelerated_networking": false,
            "enable_ip_forwarding": false,
            "id": "/subscriptions/95522d68-faf1-427b-9c38-acd86e6122e7/resourceGroups/terraform_resource_group/providers/Microsoft.Network/networkInterfaces/mywinvm-nic-0",
            "internal_dns_name_label": "",
            "internal_domain_name_suffix": "50yj44goawtelepgjxwpnq1lie.bx.internal.cloudapp.net",
            "ip_configuration": [
              {
                "gateway_load_balancer_frontend_ip_configuration_id": "",
                "name": "mywinvm-ip-0",
                "primary": true,
                "private_ip_address": "10.0.111.4",
                "private_ip_address_allocation": "Dynamic",
                "private_ip_address_version": "IPv4",
                "public_ip_address_id": "/subscriptions/95522d68-faf1-427b-9c38-acd86e6122e7/resourceGroups/terraform_resource_group/providers/Microsoft.Network/publicIPAddresses/mywinvm-pip-0",
                "subnet_id": "/subscriptions/95522d68-faf1-427b-9c38-acd86e6122e7/resourceGroups/terraform_resource_group/providers/Microsoft.Network/virtualNetworks/acctvnet/subnets/subnet1"
              }
            ],
            "location": "eastus",
            "mac_address": "00-22-48-27-83-78",
            "name": "mywinvm-nic-0",
            "private_ip_address": "10.0.111.4",
            "private_ip_addresses": [
              "10.0.111.4"
            ],
            "resource_group_name": "terraform_resource_group",
            "tags": {
              "source": "terraform"
            },
            "timeouts": null,
            "virtual_machine_id": "/subscriptions/95522d68-faf1-427b-9c38-acd86e6122e7/resourceGroups/terraform_resource_group/providers/Microsoft.Compute/virtualMachines/mywinvm-vmWindows-0"
          },
          "sensitive_attributes": [],
          "private": "eyJlMmJmYjczMC1lY2FhLTExZTYtOGY4OC0zNDM2M2JjN2M0YzAiOnsiY3JlYXRlIjoxODAwMDAwMDAwMDAwLCJkZWxldGUiOjE4MDAwMDAwMDAwMDAsInJlYWQiOjMwMDAwMDAwMDAwMCwidXBkYXRlIjoxODAwMDAwMDAwMDAwfX0=",
          "dependencies": [
            "azurerm_resource_group.terraform_resource_group",
            "module.network.azurerm_subnet.subnet",
            "module.network.azurerm_virtual_network.vnet",
            "module.network.data.azurerm_resource_group.network",
            "module.windowsservers.azurerm_public_ip.vm",
            "module.windowsservers.data.azurerm_resource_group.vm"
          ]
        }
      ]
    },
    {
      "module": "module.windowsservers",
      "mode": "managed",
      "type": "azurerm_network_interface_security_group_association",
      "name": "test",
      "provider": "provider[\"registry.terraform.io/hashicorp/azurerm\"]",
      "instances": [
        {
          "index_key": 0,
          "schema_version": 0,
          "attributes": {
            "id": "/subscriptions/95522d68-faf1-427b-9c38-acd86e6122e7/resourceGroups/terraform_resource_group/providers/Microsoft.Network/networkInterfaces/mywinvm-nic-0|/subscriptions/95522d68-faf1-427b-9c38-acd86e6122e7/resourceGroups/terraform_resource_group/providers/Microsoft.Network/networkSecurityGroups/mywinvm-nsg",
            "network_interface_id": "/subscriptions/95522d68-faf1-427b-9c38-acd86e6122e7/resourceGroups/terraform_resource_group/providers/Microsoft.Network/networkInterfaces/mywinvm-nic-0",
            "network_security_group_id": "/subscriptions/95522d68-faf1-427b-9c38-acd86e6122e7/resourceGroups/terraform_resource_group/providers/Microsoft.Network/networkSecurityGroups/mywinvm-nsg",
            "timeouts": null
          },
          "sensitive_attributes": [],
          "private": "eyJlMmJmYjczMC1lY2FhLTExZTYtOGY4OC0zNDM2M2JjN2M0YzAiOnsiY3JlYXRlIjoxODAwMDAwMDAwMDAwLCJkZWxldGUiOjE4MDAwMDAwMDAwMDAsInJlYWQiOjMwMDAwMDAwMDAwMCwidXBkYXRlIjoxODAwMDAwMDAwMDAwfX0=",
          "dependencies": [
            "module.windowsservers.azurerm_public_ip.vm",
            "module.windowsservers.data.azurerm_resource_group.vm",
            "azurerm_resource_group.terraform_resource_group",
            "module.network.azurerm_subnet.subnet",
            "module.network.azurerm_virtual_network.vnet",
            "module.network.data.azurerm_resource_group.network",
            "module.windowsservers.azurerm_network_interface.vm",
            "module.windowsservers.azurerm_network_security_group.vm"
          ]
        }
      ]
    },
    {
      "module": "module.windowsservers",
      "mode": "managed",
      "type": "azurerm_network_security_group",
      "name": "vm",
      "provider": "provider[\"registry.terraform.io/hashicorp/azurerm\"]",
      "instances": [
        {
          "schema_version": 0,
          "attributes": {
            "id": "/subscriptions/95522d68-faf1-427b-9c38-acd86e6122e7/resourceGroups/terraform_resource_group/providers/Microsoft.Network/networkSecurityGroups/mywinvm-nsg",
            "location": "eastus",
            "name": "mywinvm-nsg",
            "resource_group_name": "terraform_resource_group",
            "security_rule": [],
            "tags": {
              "source": "terraform"
            },
            "timeouts": null
          },
          "sensitive_attributes": [],
          "private": "eyJlMmJmYjczMC1lY2FhLTExZTYtOGY4OC0zNDM2M2JjN2M0YzAiOnsiY3JlYXRlIjoxODAwMDAwMDAwMDAwLCJkZWxldGUiOjE4MDAwMDAwMDAwMDAsInJlYWQiOjMwMDAwMDAwMDAwMCwidXBkYXRlIjoxODAwMDAwMDAwMDAwfX0=",
          "dependencies": [
            "azurerm_resource_group.terraform_resource_group",
            "module.windowsservers.data.azurerm_resource_group.vm"
          ]
        }
      ]
    },
    {
      "module": "module.windowsservers",
      "mode": "managed",
      "type": "azurerm_public_ip",
      "name": "vm",
      "provider": "provider[\"registry.terraform.io/hashicorp/azurerm\"]",
      "instances": [
        {
          "index_key": 0,
          "schema_version": 0,
          "attributes": {
            "allocation_method": "Dynamic",
            "availability_zone": "No-Zone",
            "domain_name_label": "winsimplevmips",
            "fqdn": "winsimplevmips.eastus.cloudapp.azure.com",
            "id": "/subscriptions/95522d68-faf1-427b-9c38-acd86e6122e7/resourceGroups/terraform_resource_group/providers/Microsoft.Network/publicIPAddresses/mywinvm-pip-0",
            "idle_timeout_in_minutes": 4,
            "ip_address": "20.124.232.231",
            "ip_tags": {},
            "ip_version": "IPv4",
            "location": "eastus",
            "name": "mywinvm-pip-0",
            "public_ip_prefix_id": null,
            "resource_group_name": "terraform_resource_group",
            "reverse_fqdn": "",
            "sku": "Basic",
            "sku_tier": "Regional",
            "tags": {
              "source": "terraform"
            },
            "timeouts": null,
            "zones": []
          },
          "sensitive_attributes": [],
          "private": "eyJlMmJmYjczMC1lY2FhLTExZTYtOGY4OC0zNDM2M2JjN2M0YzAiOnsiY3JlYXRlIjoxODAwMDAwMDAwMDAwLCJkZWxldGUiOjE4MDAwMDAwMDAwMDAsInJlYWQiOjMwMDAwMDAwMDAwMCwidXBkYXRlIjoxODAwMDAwMDAwMDAwfX0=",
          "dependencies": [
            "azurerm_resource_group.terraform_resource_group",
            "module.windowsservers.data.azurerm_resource_group.vm"
          ]
        }
      ]
    },
    {
      "module": "module.windowsservers",
      "mode": "managed",
      "type": "azurerm_virtual_machine",
      "name": "vm-windows",
      "provider": "provider[\"registry.terraform.io/hashicorp/azurerm\"]",
      "instances": [
        {
          "index_key": 0,
          "schema_version": 0,
          "attributes": {
            "additional_capabilities": [],
            "availability_set_id": "/subscriptions/95522d68-faf1-427b-9c38-acd86e6122e7/resourcegroups/terraform_resource_group/providers/microsoft.compute/availabilitysets/mywinvm-avset",
            "boot_diagnostics": [
              {
                "enabled": false,
                "storage_uri": ""
              }
            ],
            "delete_data_disks_on_termination": false,
            "delete_os_disk_on_termination": false,
            "id": "/subscriptions/95522d68-faf1-427b-9c38-acd86e6122e7/resourceGroups/terraform_resource_group/providers/Microsoft.Compute/virtualMachines/mywinvm-vmWindows-0",
            "identity": [],
            "license_type": null,
            "location": "eastus",
            "name": "mywinvm-vmWindows-0",
            "network_interface_ids": [
              "/subscriptions/95522d68-faf1-427b-9c38-acd86e6122e7/resourceGroups/terraform_resource_group/providers/Microsoft.Network/networkInterfaces/mywinvm-nic-0"
            ],
            "os_profile": [
              {
                "admin_password": "",
                "admin_username": "azureuser",
                "computer_name": "mywinvm-0",
                "custom_data": ""
              }
            ],
            "os_profile_linux_config": [],
            "os_profile_secrets": [],
            "os_profile_windows_config": [
              {
                "additional_unattend_config": [],
                "enable_automatic_upgrades": false,
                "provision_vm_agent": true,
                "timezone": "",
                "winrm": []
              }
            ],
            "plan": [],
            "primary_network_interface_id": null,
            "proximity_placement_group_id": null,
            "resource_group_name": "terraform_resource_group",
            "storage_data_disk": [],
            "storage_image_reference": [
              {
                "id": "",
                "offer": "WindowsServer",
                "publisher": "MicrosoftWindowsServer",
                "sku": "2019-Datacenter",
                "version": "latest"
              }
            ],
            "storage_os_disk": [
              {
                "caching": "ReadWrite",
                "create_option": "FromImage",
                "disk_size_gb": 127,
                "image_uri": "",
                "managed_disk_id": "/subscriptions/95522d68-faf1-427b-9c38-acd86e6122e7/resourceGroups/terraform_resource_group/providers/Microsoft.Compute/disks/mywinvm-osdisk-0",
                "managed_disk_type": "Premium_LRS",
                "name": "mywinvm-osdisk-0",
                "os_type": "Windows",
                "vhd_uri": "",
                "write_accelerator_enabled": false
              }
            ],
            "tags": {
              "source": "terraform"
            },
            "timeouts": null,
            "vm_size": "Standard_D2s_v3",
            "zones": []
          },
          "sensitive_attributes": [],
          "private": "eyJlMmJmYjczMC1lY2FhLTExZTYtOGY4OC0zNDM2M2JjN2M0YzAiOnsiY3JlYXRlIjozNjAwMDAwMDAwMDAwLCJkZWxldGUiOjM2MDAwMDAwMDAwMDAsInJlYWQiOjMwMDAwMDAwMDAwMCwidXBkYXRlIjozNjAwMDAwMDAwMDAwfX0=",
          "dependencies": [
            "module.network.azurerm_virtual_network.vnet",
            "module.network.data.azurerm_resource_group.network",
            "module.windowsservers.data.azurerm_resource_group.vm",
            "module.windowsservers.random_id.vm-sa",
            "azurerm_resource_group.terraform_resource_group",
            "module.network.azurerm_subnet.subnet",
            "module.windowsservers.azurerm_public_ip.vm",
            "module.windowsservers.azurerm_storage_account.vm-sa",
            "module.windowsservers.azurerm_availability_set.vm",
            "module.windowsservers.azurerm_network_interface.vm"
          ]
        }
      ]
    },
    {
      "module": "module.windowsservers",
      "mode": "managed",
      "type": "random_id",
      "name": "vm-sa",
      "provider": "provider[\"registry.terraform.io/hashicorp/random\"]",
      "instances": [
        {
          "schema_version": 0,
          "attributes": {
            "b64_std": "PLuQXHEm",
            "b64_url": "PLuQXHEm",
            "byte_length": 6,
            "dec": "66776278528294",
            "hex": "3cbb905c7126",
            "id": "PLuQXHEm",
            "keepers": {
              "vm_hostname": "mywinvm"
            },
            "prefix": null
          },
          "sensitive_attributes": [],
          "private": "bnVsbA==",
          "dependencies": [
            "azurerm_resource_group.terraform_resource_group"
          ]
        }
      ]
    }
  ]
}
